
Microsoft Visual Studio Solution File, Format Version 12.00
# Visual Studio Version 17
VisualStudioVersion = 17.0.31903.59
MinimumVisualStudioVersion = 10.0.40219.1
Project("{9A19103F-16F7-4668-BE54-9A1E7A4F7556}") = "WebAPI.Backend", "src\WebAPI.Backend\WebAPI.Backend.csproj", "{74E3E378-319C-475E-8B1B-527B0FA085ED}"
EndProject
Project("{9A19103F-16F7-4668-BE54-9A1E7A4F7556}") = "WebAPI.Frontend", "src\WebAPI.Frontend\WebAPI.Frontend.csproj", "{D95DA8B5-352C-4E22-8E9D-224B6000561B}"
EndProject
Project("{9A19103F-16F7-4668-BE54-9A1E7A4F7556}") = "SampleMicroservice.Shared", "src\SampleMicroservice.Shared\SampleMicroservice.Shared.csproj", "{C3D44901-E99D-4E51-9D1A-8B6F617CCC43}"
EndProject
Project("{2150E333-8FDC-42A3-9474-1A3956D46DE8}") = "Elementi di soluzione", "Elementi di soluzione", "{627AF286-1007-470A-B316-93506B29586E}"
	ProjectSection(SolutionItems) = preProject
		docker-compose.yml = docker-compose.yml
	EndProjectSection
EndProject
Global
	GlobalSection(SolutionConfigurationPlatforms) = preSolution
		Debug|Any CPU = Debug|Any CPU
		Release|Any CPU = Release|Any CPU
	EndGlobalSection
	GlobalSection(ProjectConfigurationPlatforms) = postSolution
		{74E3E378-319C-475E-8B1B-527B0FA085ED}.Debug|Any CPU.ActiveCfg = Debug|Any CPU
		{74E3E378-319C-475E-8B1B-527B0FA085ED}.Debug|Any CPU.Build.0 = Debug|Any CPU
		{74E3E378-319C-475E-8B1B-527B0FA085ED}.Release|Any CPU.ActiveCfg = Release|Any CPU
		{74E3E378-319C-475E-8B1B-527B0FA085ED}.Release|Any CPU.Build.0 = Release|Any CPU
		{D95DA8B5-352C-4E22-8E9D-224B6000561B}.Debug|Any CPU.ActiveCfg = Debug|Any CPU
		{D95DA8B5-352C-4E22-8E9D-224B6000561B}.Debug|Any CPU.Build.0 = Debug|Any CPU
		{D95DA8B5-352C-4E22-8E9D-224B6000561B}.Release|Any CPU.ActiveCfg = Release|Any CPU
		{D95DA8B5-352C-4E22-8E9D-224B6000561B}.Release|Any CPU.Build.0 = Release|Any CPU
		{C3D44901-E99D-4E51-9D1A-8B6F617CCC43}.Debug|Any CPU.ActiveCfg = Debug|Any CPU
		{C3D44901-E99D-4E51-9D1A-8B6F617CCC43}.Debug|Any CPU.Build.0 = Debug|Any CPU
		{C3D44901-E99D-4E51-9D1A-8B6F617CCC43}.Release|Any CPU.ActiveCfg = Release|Any CPU
		{C3D44901-E99D-4E51-9D1A-8B6F617CCC43}.Release|Any CPU.Build.0 = Release|Any CPU
	EndGlobalSection
	GlobalSection(SolutionProperties) = preSolution
		HideSolutionNode = FALSE
	EndGlobalSection
	GlobalSection(ExtensibilityGlobals) = postSolution
		SolutionGuid = {44559C8F-A255-41BB-B273-A88ADABBB72F}
	EndGlobalSection
EndGlobal
